
Microsoft Visual Studio Solution File, Format Version 12.00
# Visual Studio Version 17
VisualStudioVersion = 17.5.002.0
MinimumVisualStudioVersion = 10.0.40219.1
Project("{9A19103F-16F7-4668-BE54-9A1E7A4F7556}") = "API", "API\API.csproj", "{C95DFEBB-0B8A-42DB-94A3-1C039FB80E69}"
EndProject
Global
	GlobalSection(SolutionConfigurationPlatforms) = preSolution
		Debug|Any CPU = Debug|Any CPU
		Release|Any CPU = Release|Any CPU
	EndGlobalSection
	GlobalSection(ProjectConfigurationPlatforms) = postSolution
		{C95DFEBB-0B8A-42DB-94A3-1C039FB80E69}.Debug|Any CPU.ActiveCfg = Debug|Any CPU
		{C95DFEBB-0B8A-42DB-94A3-1C039FB80E69}.Debug|Any CPU.Build.0 = Debug|Any CPU
		{C95DFEBB-0B8A-42DB-94A3-1C039FB80E69}.Release|Any CPU.ActiveCfg = Release|Any CPU
		{C95DFEBB-0B8A-42DB-94A3-1C039FB80E69}.Release|Any CPU.Build.0 = Release|Any CPU
	EndGlobalSection
	GlobalSection(SolutionProperties) = preSolution
		HideSolutionNode = FALSE
	EndGlobalSection
	GlobalSection(ExtensibilityGlobals) = postSolution
		SolutionGuid = {9887309E-3D90-4D52-BD0B-1C6C951B9C67}
	EndGlobalSection
EndGlobal
